
Microsoft Visual Studio Solution File, Format Version 12.00
# Visual Studio Version 16
VisualStudioVersion = 16.0.29209.62
MinimumVisualStudioVersion = 10.0.40219.1
Project("{FAE04EC0-301F-11D3-BF4B-00C04F79EFBC}") = "Login", "Login\Login.csproj", "{916604FB-9A92-4BD2-9ABC-4E37F5C97DE1}"
EndProject
Project("{FAE04EC0-301F-11D3-BF4B-00C04F79EFBC}") = "CapaCompras", "CapaCompras\CapaCompras.csproj", "{74B868E4-DC08-443C-922E-B8DD2F2288C7}"
EndProject
Project("{FAE04EC0-301F-11D3-BF4B-00C04F79EFBC}") = "CapaNegocio", "CapaNegocio\CapaNegocio.csproj", "{62067095-5CBC-4B35-9F74-3F9F30E1519D}"
EndProject
Global
	GlobalSection(SolutionConfigurationPlatforms) = preSolution
		Debug|Any CPU = Debug|Any CPU
		Release|Any CPU = Release|Any CPU
	EndGlobalSection
	GlobalSection(ProjectConfigurationPlatforms) = postSolution
		{916604FB-9A92-4BD2-9ABC-4E37F5C97DE1}.Debug|Any CPU.ActiveCfg = Debug|Any CPU
		{916604FB-9A92-4BD2-9ABC-4E37F5C97DE1}.Debug|Any CPU.Build.0 = Debug|Any CPU
		{916604FB-9A92-4BD2-9ABC-4E37F5C97DE1}.Release|Any CPU.ActiveCfg = Release|Any CPU
		{916604FB-9A92-4BD2-9ABC-4E37F5C97DE1}.Release|Any CPU.Build.0 = Release|Any CPU
		{74B868E4-DC08-443C-922E-B8DD2F2288C7}.Debug|Any CPU.ActiveCfg = Debug|Any CPU
		{74B868E4-DC08-443C-922E-B8DD2F2288C7}.Debug|Any CPU.Build.0 = Debug|Any CPU
		{74B868E4-DC08-443C-922E-B8DD2F2288C7}.Release|Any CPU.ActiveCfg = Release|Any CPU
		{74B868E4-DC08-443C-922E-B8DD2F2288C7}.Release|Any CPU.Build.0 = Release|Any CPU
		{62067095-5CBC-4B35-9F74-3F9F30E1519D}.Debug|Any CPU.ActiveCfg = Debug|Any CPU
		{62067095-5CBC-4B35-9F74-3F9F30E1519D}.Debug|Any CPU.Build.0 = Debug|Any CPU
		{62067095-5CBC-4B35-9F74-3F9F30E1519D}.Release|Any CPU.ActiveCfg = Release|Any CPU
		{62067095-5CBC-4B35-9F74-3F9F30E1519D}.Release|Any CPU.Build.0 = Release|Any CPU
	EndGlobalSection
	GlobalSection(SolutionProperties) = preSolution
		HideSolutionNode = FALSE
	EndGlobalSection
	GlobalSection(ExtensibilityGlobals) = postSolution
		SolutionGuid = {85E5BC36-3B1F-4FC8-9A23-C491BA6045F1}
	EndGlobalSection
EndGlobal
